{
  "pid": 17007,
  "version": "2.1.238",
  "jsonPath": "/Users/manbnm/.claude/daemon.json",
  "logPath": "/Users/manbnm/.claude/daemon.log",
  "startedAt": 1787258472082,
  "origin": "transient",
  "spawnedBy": {
    "label": "claude",
    "cwd": "/Users/manbnm/hft_research",
    "pid": 97598
  },
  "procStart": "Thu Aug 20 20:41:08 2026",
  "launchTarget": "/Users/manbnm/.local/share/claude/versions/2.1.238",
  "processWrapper": ""
}